
Microsoft Visual Studio Solution File, Format Version 12.00
# Visual Studio Version 17
VisualStudioVersion = 17.2.32505.173
MinimumVisualStudioVersion = 10.0.40219.1
Project("{FAE04EC0-301F-11D3-BF4B-00C04F79EFBC}") = "MaterialDashSkin", "MaterialDashSkin\MaterialDashSkin.csproj", "{0D362624-F58F-47D4-9159-5ABD79737CA0}"
EndProject
Global
	GlobalSection(SolutionConfigurationPlatforms) = preSolution
		Debug|Any CPU = Debug|Any CPU
		Release|Any CPU = Release|Any CPU
	EndGlobalSection
	GlobalSection(ProjectConfigurationPlatforms) = postSolution
		{0D362624-F58F-47D4-9159-5ABD79737CA0}.Debug|Any CPU.ActiveCfg = Debug|Any CPU
		{0D362624-F58F-47D4-9159-5ABD79737CA0}.Debug|Any CPU.Build.0 = Debug|Any CPU
		{0D362624-F58F-47D4-9159-5ABD79737CA0}.Release|Any CPU.ActiveCfg = Release|Any CPU
		{0D362624-F58F-47D4-9159-5ABD79737CA0}.Release|Any CPU.Build.0 = Release|Any CPU
	EndGlobalSection
	GlobalSection(SolutionProperties) = preSolution
		HideSolutionNode = FALSE
	EndGlobalSection
	GlobalSection(ExtensibilityGlobals) = postSolution
		SolutionGuid = {48A800EC-1078-4A90-AF27-314C250A4518}
	EndGlobalSection
EndGlobal
